
Microsoft Visual Studio Solution File, Format Version 12.00
# Visual Studio Version 17
VisualStudioVersion = 17.5.2.0
MinimumVisualStudioVersion = 10.0.40219.1
Project("{FAE04EC0-301F-11D3-BF4B-00C04F79EFBC}") = "MobileTracker", "MobileTracker\MobileTracker.csproj", "{317780C1-3228-8D3B-BA20-3B543B6FD04E}"
EndProject
Project("{2150E333-8FDC-42A3-9474-1A3956D46DE8}") = "tests", "tests", "{0AB3BF05-4346-4AA6-1389-037BE0695223}"
EndProject
Project("{FAE04EC0-301F-11D3-BF4B-00C04F79EFBC}") = "MobileTracker.UnitTests", "tests\MobileTracker.UnitTests\MobileTracker.UnitTests.csproj", "{EC2CC91A-31D4-4090-BC54-379A51BB3E96}"
EndProject
Global
	GlobalSection(SolutionConfigurationPlatforms) = preSolution
		Debug|Any CPU = Debug|Any CPU
		Debug|x64 = Debug|x64
		Debug|x86 = Debug|x86
		Release|Any CPU = Release|Any CPU
		Release|x64 = Release|x64
		Release|x86 = Release|x86
	EndGlobalSection
	GlobalSection(ProjectConfigurationPlatforms) = postSolution
		{317780C1-3228-8D3B-BA20-3B543B6FD04E}.Debug|Any CPU.ActiveCfg = Debug|Any CPU
		{317780C1-3228-8D3B-BA20-3B543B6FD04E}.Debug|Any CPU.Build.0 = Debug|Any CPU
		{317780C1-3228-8D3B-BA20-3B543B6FD04E}.Debug|x64.ActiveCfg = Debug|Any CPU
		{317780C1-3228-8D3B-BA20-3B543B6FD04E}.Debug|x64.Build.0 = Debug|Any CPU
		{317780C1-3228-8D3B-BA20-3B543B6FD04E}.Debug|x86.ActiveCfg = Debug|Any CPU
		{317780C1-3228-8D3B-BA20-3B543B6FD04E}.Debug|x86.Build.0 = Debug|Any CPU
		{317780C1-3228-8D3B-BA20-3B543B6FD04E}.Release|Any CPU.ActiveCfg = Release|Any CPU
		{317780C1-3228-8D3B-BA20-3B543B6FD04E}.Release|Any CPU.Build.0 = Release|Any CPU
		{317780C1-3228-8D3B-BA20-3B543B6FD04E}.Release|x64.ActiveCfg = Release|Any CPU
		{317780C1-3228-8D3B-BA20-3B543B6FD04E}.Release|x64.Build.0 = Release|Any CPU
		{317780C1-3228-8D3B-BA20-3B543B6FD04E}.Release|x86.ActiveCfg = Release|Any CPU
		{317780C1-3228-8D3B-BA20-3B543B6FD04E}.Release|x86.Build.0 = Release|Any CPU
		{EC2CC91A-31D4-4090-BC54-379A51BB3E96}.Debug|Any CPU.ActiveCfg = Debug|Any CPU
		{EC2CC91A-31D4-4090-BC54-379A51BB3E96}.Debug|Any CPU.Build.0 = Debug|Any CPU
		{EC2CC91A-31D4-4090-BC54-379A51BB3E96}.Debug|x64.ActiveCfg = Debug|Any CPU
		{EC2CC91A-31D4-4090-BC54-379A51BB3E96}.Debug|x64.Build.0 = Debug|Any CPU
		{EC2CC91A-31D4-4090-BC54-379A51BB3E96}.Debug|x86.ActiveCfg = Debug|Any CPU
		{EC2CC91A-31D4-4090-BC54-379A51BB3E96}.Debug|x86.Build.0 = Debug|Any CPU
		{EC2CC91A-31D4-4090-BC54-379A51BB3E96}.Release|Any CPU.ActiveCfg = Release|Any CPU
		{EC2CC91A-31D4-4090-BC54-379A51BB3E96}.Release|Any CPU.Build.0 = Release|Any CPU
		{EC2CC91A-31D4-4090-BC54-379A51BB3E96}.Release|x64.ActiveCfg = Release|Any CPU
		{EC2CC91A-31D4-4090-BC54-379A51BB3E96}.Release|x64.Build.0 = Release|Any CPU
		{EC2CC91A-31D4-4090-BC54-379A51BB3E96}.Release|x86.ActiveCfg = Release|Any CPU
		{EC2CC91A-31D4-4090-BC54-379A51BB3E96}.Release|x86.Build.0 = Release|Any CPU
	EndGlobalSection
	GlobalSection(SolutionProperties) = preSolution
		HideSolutionNode = FALSE
	EndGlobalSection
	GlobalSection(NestedProjects) = preSolution
		{EC2CC91A-31D4-4090-BC54-379A51BB3E96} = {0AB3BF05-4346-4AA6-1389-037BE0695223}
	EndGlobalSection
	GlobalSection(ExtensibilityGlobals) = postSolution
		SolutionGuid = {2CA0B0C5-D3E3-4115-9EE5-139E482B5C57}
	EndGlobalSection
EndGlobal
